{
  "name": "event-ops",
  "version": "1.0.0",
  "lockfileVersion": 3,
  "requires": true,
  "packages": {
    "": {
      "name": "event-ops",
      "version": "1.0.0",
      "dependencies": {
        "@supabase/supabase-js": "^2.45.4",
        "next": "14.2.35",
        "react": "^18.3.1",
        "react-dom": "^18.3.1"
      }
    }
  }
}
